
Microsoft Visual Studio Solution File, Format Version 12.00
# Visual Studio Version 17
VisualStudioVersion = 17.14.36717.8
MinimumVisualStudioVersion = 10.0.40219.1
Project("{FAE04EC0-301F-11D3-BF4B-00C04F79EFBC}") = "Windows Process Manager", "Windows Process Manager\Windows Process Manager.csproj", "{12C7F4A4-E724-429C-A01D-963371A2D26E}"
EndProject
Project("{FAE04EC0-301F-11D3-BF4B-00C04F79EFBC}") = "DebugCli", "DebugCli\DebugCli.csproj", "{FADC82D2-D4B0-434E-AF5F-AF31B3992A1F}"
EndProject
Project("{FAE04EC0-301F-11D3-BF4B-00C04F79EFBC}") = "Windows Process Manager Updater", "Windows Process Manager Updater\Windows Process Manager Updater.csproj", "{E3E5537C-94D6-4791-B13F-E99D04A3D155}"
EndProject
Project("{54435603-DBB4-11D2-8724-00A0C9A8B90C}") = "Windows Process Manager Installer", "Windows Process Manager Installer\Windows Process Manager Installer.vdproj", "{C05DA68C-2782-2AE0-AE39-E1444BDD4CB5}"
EndProject
Project("{54435603-DBB4-11D2-8724-00A0C9A8B90C}") = "Service Installer Setup", "Service Installer Setup\Service Installer Setup.vdproj", "{0BE2A4D9-2088-9D71-D86D-632BAE833929}"
EndProject
Global
	GlobalSection(SolutionConfigurationPlatforms) = preSolution
		Debug|Any CPU = Debug|Any CPU
		Release|Any CPU = Release|Any CPU
	EndGlobalSection
	GlobalSection(ProjectConfigurationPlatforms) = postSolution
		{12C7F4A4-E724-429C-A01D-963371A2D26E}.Debug|Any CPU.ActiveCfg = Debug|Any CPU
		{12C7F4A4-E724-429C-A01D-963371A2D26E}.Debug|Any CPU.Build.0 = Debug|Any CPU
		{12C7F4A4-E724-429C-A01D-963371A2D26E}.Release|Any CPU.ActiveCfg = Release|Any CPU
		{12C7F4A4-E724-429C-A01D-963371A2D26E}.Release|Any CPU.Build.0 = Release|Any CPU
		{FADC82D2-D4B0-434E-AF5F-AF31B3992A1F}.Debug|Any CPU.ActiveCfg = Debug|Any CPU
		{FADC82D2-D4B0-434E-AF5F-AF31B3992A1F}.Debug|Any CPU.Build.0 = Debug|Any CPU
		{FADC82D2-D4B0-434E-AF5F-AF31B3992A1F}.Release|Any CPU.ActiveCfg = Release|Any CPU
		{FADC82D2-D4B0-434E-AF5F-AF31B3992A1F}.Release|Any CPU.Build.0 = Release|Any CPU
		{E3E5537C-94D6-4791-B13F-E99D04A3D155}.Debug|Any CPU.ActiveCfg = Debug|Any CPU
		{E3E5537C-94D6-4791-B13F-E99D04A3D155}.Debug|Any CPU.Build.0 = Debug|Any CPU
		{E3E5537C-94D6-4791-B13F-E99D04A3D155}.Release|Any CPU.ActiveCfg = Release|Any CPU
		{E3E5537C-94D6-4791-B13F-E99D04A3D155}.Release|Any CPU.Build.0 = Release|Any CPU
		{C05DA68C-2782-2AE0-AE39-E1444BDD4CB5}.Debug|Any CPU.ActiveCfg = Debug
		{C05DA68C-2782-2AE0-AE39-E1444BDD4CB5}.Release|Any CPU.ActiveCfg = Release
		{0BE2A4D9-2088-9D71-D86D-632BAE833929}.Debug|Any CPU.ActiveCfg = Debug
		{0BE2A4D9-2088-9D71-D86D-632BAE833929}.Release|Any CPU.ActiveCfg = Release
	EndGlobalSection
	GlobalSection(SolutionProperties) = preSolution
		HideSolutionNode = FALSE
	EndGlobalSection
	GlobalSection(ExtensibilityGlobals) = postSolution
		SolutionGuid = {20B53D72-C772-421D-BDBF-9DF6C1F5F11B}
	EndGlobalSection
EndGlobal
